
Microsoft Visual Studio Solution File, Format Version 12.00
# Visual Studio Version 17
VisualStudioVersion = 17.2.32616.157
MinimumVisualStudioVersion = 10.0.40219.1
Project("{FAE04EC0-301F-11D3-BF4B-00C04F79EFBC}") = "Stress My API", "Stress My API\Stress My API.csproj", "{9246271F-C940-4AE2-ABC3-65FC87E9DB10}"
EndProject
Global
	GlobalSection(SolutionConfigurationPlatforms) = preSolution
		Debug|Any CPU = Debug|Any CPU
		Release|Any CPU = Release|Any CPU
	EndGlobalSection
	GlobalSection(ProjectConfigurationPlatforms) = postSolution
		{9246271F-C940-4AE2-ABC3-65FC87E9DB10}.Debug|Any CPU.ActiveCfg = Debug|Any CPU
		{9246271F-C940-4AE2-ABC3-65FC87E9DB10}.Debug|Any CPU.Build.0 = Debug|Any CPU
		{9246271F-C940-4AE2-ABC3-65FC87E9DB10}.Release|Any CPU.ActiveCfg = Release|Any CPU
		{9246271F-C940-4AE2-ABC3-65FC87E9DB10}.Release|Any CPU.Build.0 = Release|Any CPU
	EndGlobalSection
	GlobalSection(SolutionProperties) = preSolution
		HideSolutionNode = FALSE
	EndGlobalSection
	GlobalSection(ExtensibilityGlobals) = postSolution
		SolutionGuid = {D528C49C-981C-4164-B08F-1B62F72F4569}
	EndGlobalSection
EndGlobal
